
Microsoft Visual Studio Solution File, Format Version 12.00
# Visual Studio Version 16
VisualStudioVersion = 16.0.29418.71
MinimumVisualStudioVersion = 10.0.40219.1
Project("{8BC9CEB8-8B4A-11D0-8D11-00A0C91BC942}") = "E_DES_Key_Generation", "E_DES_Key_Generation\E_DES_Key_Generation.vcxproj", "{FE51F5B4-5E08-4C49-90F0-AFF6163A4483}"
EndProject
Global
	GlobalSection(SolutionConfigurationPlatforms) = preSolution
		Debug|x64 = Debug|x64
		Debug|x86 = Debug|x86
		Release|x64 = Release|x64
		Release|x86 = Release|x86
	EndGlobalSection
	GlobalSection(ProjectConfigurationPlatforms) = postSolution
		{FE51F5B4-5E08-4C49-90F0-AFF6163A4483}.Debug|x64.ActiveCfg = Debug|x64
		{FE51F5B4-5E08-4C49-90F0-AFF6163A4483}.Debug|x64.Build.0 = Debug|x64
		{FE51F5B4-5E08-4C49-90F0-AFF6163A4483}.Debug|x86.ActiveCfg = Debug|Win32
		{FE51F5B4-5E08-4C49-90F0-AFF6163A4483}.Debug|x86.Build.0 = Debug|Win32
		{FE51F5B4-5E08-4C49-90F0-AFF6163A4483}.Release|x64.ActiveCfg = Release|x64
		{FE51F5B4-5E08-4C49-90F0-AFF6163A4483}.Release|x64.Build.0 = Release|x64
		{FE51F5B4-5E08-4C49-90F0-AFF6163A4483}.Release|x86.ActiveCfg = Release|Win32
		{FE51F5B4-5E08-4C49-90F0-AFF6163A4483}.Release|x86.Build.0 = Release|Win32
	EndGlobalSection
	GlobalSection(SolutionProperties) = preSolution
		HideSolutionNode = FALSE
	EndGlobalSection
	GlobalSection(ExtensibilityGlobals) = postSolution
		SolutionGuid = {4DEE1E3F-D762-4946-B07D-2ACD3063E0A5}
	EndGlobalSection
EndGlobal
